Microsoft Visual Studio Solution File, Format Version 12.00
# Visual Studio 15
VisualStudioVersion = 15.0.27130.2003
MinimumVisualStudioVersion = 10.0.40219.1
Project("{FAE04EC0-301F-11D3-BF4B-00C04F79EFBC}") = "Plugin.LatestVersion", "Plugin.LatestVersion\Plugin.LatestVersion.csproj", "{973A49A6-F389-499D-8D7D-AD84AB280B71}"
EndProject
Project("{FAE04EC0-301F-11D3-BF4B-00C04F79EFBC}") = "Plugin.LatestVersion.Abstractions", "Plugin.LatestVersion.Abstractions\Plugin.LatestVersion.Abstractions.csproj", "{A7885CA4-850F-4641-A262-FFE7A2333223}"
EndProject
Project("{FAE04EC0-301F-11D3-BF4B-00C04F79EFBC}") = "Plugin.LatestVersion.iOS", "Plugin.LatestVersion.iOS\Plugin.LatestVersion.iOS.csproj", "{30713D25-36C9-4F77-8D00-A3DD9A4E2963}"
EndProject
Project("{FAE04EC0-301F-11D3-BF4B-00C04F79EFBC}") = "Plugin.LatestVersion.Android", "Plugin.LatestVersion.Android\Plugin.LatestVersion.Android.csproj", "{70ECDEE6-15BD-4090-9717-DD0A7DBC2084}"
EndProject
Project("{FAE04EC0-301F-11D3-BF4B-00C04F79EFBC}") = "Plugin.LatestVersion.macOS", "Plugin.LatestVersion.macOS\Plugin.LatestVersion.macOS.csproj", "{E28F316B-9467-4085-B4E1-EEBB64E9225D}"
EndProject
Project("{FAE04EC0-301F-11D3-BF4B-00C04F79EFBC}") = "Plugin.LatestVersion.UWP", "Plugin.LatestVersion.UWP\Plugin.LatestVersion.UWP.csproj", "{2D4918FD-E3C1-4C68-8B1E-D36CD3512B27}"
EndProject
Global
	GlobalSection(SolutionConfigurationPlatforms) = preSolution
		Debug|Any CPU = Debug|Any CPU
		Debug|ARM = Debug|ARM
		Debug|iPhone = Debug|iPhone
		Debug|iPhoneSimulator = Debug|iPhoneSimulator
		Debug|x64 = Debug|x64
		Debug|x86 = Debug|x86
		Release|Any CPU = Release|Any CPU
		Release|ARM = Release|ARM
		Release|iPhone = Release|iPhone
		Release|iPhoneSimulator = Release|iPhoneSimulator
		Release|x64 = Release|x64
		Release|x86 = Release|x86
	EndGlobalSection
	GlobalSection(ProjectConfigurationPlatforms) = postSolution
		{973A49A6-F389-499D-8D7D-AD84AB280B71}.Debug|Any CPU.ActiveCfg = Debug|Any CPU
		{973A49A6-F389-499D-8D7D-AD84AB280B71}.Debug|Any CPU.Build.0 = Debug|Any CPU
		{973A49A6-F389-499D-8D7D-AD84AB280B71}.Debug|ARM.ActiveCfg = Debug|Any CPU
		{973A49A6-F389-499D-8D7D-AD84AB280B71}.Debug|ARM.Build.0 = Debug|Any CPU
		{973A49A6-F389-499D-8D7D-AD84AB280B71}.Debug|iPhone.ActiveCfg = Debug|Any CPU
		{973A49A6-F389-499D-8D7D-AD84AB280B71}.Debug|iPhone.Build.0 = Debug|Any CPU
		{973A49A6-F389-499D-8D7D-AD84AB280B71}.Debug|iPhoneSimulator.ActiveCfg = Debug|Any CPU
		{973A49A6-F389-499D-8D7D-AD84AB280B71}.Debug|iPhoneSimulator.Build.0 = Debug|Any CPU
		{973A49A6-F389-499D-8D7D-AD84AB280B71}.Debug|x64.ActiveCfg = Debug|Any CPU
		{973A49A6-F389-499D-8D7D-AD84AB280B71}.Debug|x64.Build.0 = Debug|Any CPU
		{973A49A6-F389-499D-8D7D-AD84AB280B71}.Debug|x86.ActiveCfg = Debug|Any CPU
		{973A49A6-F389-499D-8D7D-AD84AB280B71}.Debug|x86.Build.0 = Debug|Any CPU
		{973A49A6-F389-499D-8D7D-AD84AB280B71}.Release|Any CPU.ActiveCfg = Release|Any CPU
		{973A49A6-F389-499D-8D7D-AD84AB280B71}.Release|Any CPU.Build.0 = Release|Any CPU
		{973A49A6-F389-499D-8D7D-AD84AB280B71}.Release|ARM.ActiveCfg = Release|Any CPU
		{973A49A6-F389-499D-8D7D-AD84AB280B71}.Release|ARM.Build.0 = Release|Any CPU
		{973A49A6-F389-499D-8D7D-AD84AB280B71}.Release|iPhone.ActiveCfg = Release|Any CPU
		{973A49A6-F389-499D-8D7D-AD84AB280B71}.Release|iPhone.Build.0 = Release|Any CPU
		{973A49A6-F389-499D-8D7D-AD84AB280B71}.Release|iPhoneSimulator.ActiveCfg = Release|Any CPU
		{973A49A6-F389-499D-8D7D-AD84AB280B71}.Release|iPhoneSimulator.Build.0 = Release|Any CPU
		{973A49A6-F389-499D-8D7D-AD84AB280B71}.Release|x64.ActiveCfg = Release|Any CPU
		{973A49A6-F389-499D-8D7D-AD84AB280B71}.Release|x64.Build.0 = Release|Any CPU
		{973A49A6-F389-499D-8D7D-AD84AB280B71}.Release|x86.ActiveCfg = Release|Any CPU
		{973A49A6-F389-499D-8D7D-AD84AB280B71}.Release|x86.Build.0 = Release|Any CPU
		{A7885CA4-850F-4641-A262-FFE7A2333223}.Debug|Any CPU.ActiveCfg = Debug|Any CPU
		{A7885CA4-850F-4641-A262-FFE7A2333223}.Debug|Any CPU.Build.0 = Debug|Any CPU
		{A7885CA4-850F-4641-A262-FFE7A2333223}.Debug|ARM.ActiveCfg = Debug|Any CPU
		{A7885CA4-850F-4641-A262-FFE7A2333223}.Debug|ARM.Build.0 = Debug|Any CPU
		{A7885CA4-850F-4641-A262-FFE7A2333223}.Debug|iPhone.ActiveCfg = Debug|Any CPU
		{A7885CA4-850F-4641-A262-FFE7A2333223}.Debug|iPhone.Build.0 = Debug|Any CPU
		{A7885CA4-850F-4641-A262-FFE7A2333223}.Debug|iPhoneSimulator.ActiveCfg = Debug|Any CPU
		{A7885CA4-850F-4641-A262-FFE7A2333223}.Debug|iPhoneSimulator.Build.0 = Debug|Any CPU
		{A7885CA4-850F-4641-A262-FFE7A2333223}.Debug|x64.ActiveCfg = Debug|Any CPU
		{A7885CA4-850F-4641-A262-FFE7A2333223}.Debug|x64.Build.0 = Debug|Any CPU
		{A7885CA4-850F-4641-A262-FFE7A2333223}.Debug|x86.ActiveCfg = Debug|Any CPU
		{A7885CA4-850F-4641-A262-FFE7A2333223}.Debug|x86.Build.0 = Debug|Any CPU
		{A7885CA4-850F-4641-A262-FFE7A2333223}.Release|Any CPU.ActiveCfg = Release|Any CPU
		{A7885CA4-850F-4641-A262-FFE7A2333223}.Release|Any CPU.Build.0 = Release|Any CPU
		{A7885CA4-850F-4641-A262-FFE7A2333223}.Release|ARM.ActiveCfg = Release|Any CPU
		{A7885CA4-850F-4641-A262-FFE7A2333223}.Release|ARM.Build.0 = Release|Any CPU
		{A7885CA4-850F-4641-A262-FFE7A2333223}.Release|iPhone.ActiveCfg = Release|Any CPU
		{A7885CA4-850F-4641-A262-FFE7A2333223}.Release|iPhone.Build.0 = Release|Any CPU
		{A7885CA4-850F-4641-A262-FFE7A2333223}.Release|iPhoneSimulator.ActiveCfg = Release|Any CPU
		{A7885CA4-850F-4641-A262-FFE7A2333223}.Release|iPhoneSimulator.Build.0 = Release|Any CPU
		{A7885CA4-850F-4641-A262-FFE7A2333223}.Release|x64.ActiveCfg = Release|Any CPU
		{A7885CA4-850F-4641-A262-FFE7A2333223}.Release|x64.Build.0 = Release|Any CPU
		{A7885CA4-850F-4641-A262-FFE7A2333223}.Release|x86.ActiveCfg = Release|Any CPU
		{A7885CA4-850F-4641-A262-FFE7A2333223}.Release|x86.Build.0 = Release|Any CPU
		{30713D25-36C9-4F77-8D00-A3DD9A4E2963}.Debug|Any CPU.ActiveCfg = Debug|Any CPU
		{30713D25-36C9-4F77-8D00-A3DD9A4E2963}.Debug|Any CPU.Build.0 = Debug|Any CPU
		{30713D25-36C9-4F77-8D00-A3DD9A4E2963}.Debug|ARM.ActiveCfg = Debug|Any CPU
		{30713D25-36C9-4F77-8D00-A3DD9A4E2963}.Debug|ARM.Build.0 = Debug|Any CPU
		{30713D25-36C9-4F77-8D00-A3DD9A4E2963}.Debug|iPhone.ActiveCfg = Debug|Any CPU
		{30713D25-36C9-4F77-8D00-A3DD9A4E2963}.Debug|iPhone.Build.0 = Debug|Any CPU
		{30713D25-36C9-4F77-8D00-A3DD9A4E2963}.Debug|iPhoneSimulator.ActiveCfg = Debug|Any CPU
		{30713D25-36C9-4F77-8D00-A3DD9A4E2963}.Debug|iPhoneSimulator.Build.0 = Debug|Any CPU
		{30713D25-36C9-4F77-8D00-A3DD9A4E2963}.Debug|x64.ActiveCfg = Debug|Any CPU
		{30713D25-36C9-4F77-8D00-A3DD9A4E2963}.Debug|x64.Build.0 = Debug|Any CPU
		{30713D25-36C9-4F77-8D00-A3DD9A4E2963}.Debug|x86.ActiveCfg = Debug|Any CPU
		{30713D25-36C9-4F77-8D00-A3DD9A4E2963}.Debug|x86.Build.0 = Debug|Any CPU
		{30713D25-36C9-4F77-8D00-A3DD9A4E2963}.Release|Any CPU.ActiveCfg = Release|Any CPU
		{30713D25-36C9-4F77-8D00-A3DD9A4E2963}.Release|Any CPU.Build.0 = Release|Any CPU
		{30713D25-36C9-4F77-8D00-A3DD9A4E2963}.Release|ARM.ActiveCfg = Release|Any CPU
		{30713D25-36C9-4F77-8D00-A3DD9A4E2963}.Release|ARM.Build.0 = Release|Any CPU
		{30713D25-36C9-4F77-8D00-A3DD9A4E2963}.Release|iPhone.ActiveCfg = Release|Any CPU
		{30713D25-36C9-4F77-8D00-A3DD9A4E2963}.Release|iPhone.Build.0 = Release|Any CPU
		{30713D25-36C9-4F77-8D00-A3DD9A4E2963}.Release|iPhoneSimulator.ActiveCfg = Release|Any CPU
		{30713D25-36C9-4F77-8D00-A3DD9A4E2963}.Release|iPhoneSimulator.Build.0 = Release|Any CPU
		{30713D25-36C9-4F77-8D00-A3DD9A4E2963}.Release|x64.ActiveCfg = Release|Any CPU
		{30713D25-36C9-4F77-8D00-A3DD9A4E2963}.Release|x64.Build.0 = Release|Any CPU
		{30713D25-36C9-4F77-8D00-A3DD9A4E2963}.Release|x86.ActiveCfg = Release|Any CPU
		{30713D25-36C9-4F77-8D00-A3DD9A4E2963}.Release|x86.Build.0 = Release|Any CPU
		{70ECDEE6-15BD-4090-9717-DD0A7DBC2084}.Debug|Any CPU.ActiveCfg = Debug|Any CPU
		{70ECDEE6-15BD-4090-9717-DD0A7DBC2084}.Debug|Any CPU.Build.0 = Debug|Any CPU
		{70ECDEE6-15BD-4090-9717-DD0A7DBC2084}.Debug|ARM.ActiveCfg = Debug|Any CPU
		{70ECDEE6-15BD-4090-9717-DD0A7DBC2084}.Debug|ARM.Build.0 = Debug|Any CPU
		{70ECDEE6-15BD-4090-9717-DD0A7DBC2084}.Debug|iPhone.ActiveCfg = Debug|Any CPU
		{70ECDEE6-15BD-4090-9717-DD0A7DBC2084}.Debug|iPhone.Build.0 = Debug|Any CPU
		{70ECDEE6-15BD-4090-9717-DD0A7DBC2084}.Debug|iPhoneSimulator.ActiveCfg = Debug|Any CPU
		{70ECDEE6-15BD-4090-9717-DD0A7DBC2084}.Debug|iPhoneSimulator.Build.0 = Debug|Any CPU
		{70ECDEE6-15BD-4090-9717-DD0A7DBC2084}.Debug|x64.ActiveCfg = Debug|Any CPU
		{70ECDEE6-15BD-4090-9717-DD0A7DBC2084}.Debug|x64.Build.0 = Debug|Any CPU
		{70ECDEE6-15BD-4090-9717-DD0A7DBC2084}.Debug|x86.ActiveCfg = Debug|Any CPU
		{70ECDEE6-15BD-4090-9717-DD0A7DBC2084}.Debug|x86.Build.0 = Debug|Any CPU
		{70ECDEE6-15BD-4090-9717-DD0A7DBC2084}.Release|Any CPU.ActiveCfg = Release|Any CPU
		{70ECDEE6-15BD-4090-9717-DD0A7DBC2084}.Release|Any CPU.Build.0 = Release|Any CPU
		{70ECDEE6-15BD-4090-9717-DD0A7DBC2084}.Release|ARM.ActiveCfg = Release|Any CPU
		{70ECDEE6-15BD-4090-9717-DD0A7DBC2084}.Release|ARM.Build.0 = Release|Any CPU
		{70ECDEE6-15BD-4090-9717-DD0A7DBC2084}.Release|iPhone.ActiveCfg = Release|Any CPU
		{70ECDEE6-15BD-4090-9717-DD0A7DBC2084}.Release|iPhone.Build.0 = Release|Any CPU
		{70ECDEE6-15BD-4090-9717-DD0A7DBC2084}.Release|iPhoneSimulator.ActiveCfg = Release|Any CPU
		{70ECDEE6-15BD-4090-9717-DD0A7DBC2084}.Release|iPhoneSimulator.Build.0 = Release|Any CPU
		{70ECDEE6-15BD-4090-9717-DD0A7DBC2084}.Release|x64.ActiveCfg = Release|Any CPU
		{70ECDEE6-15BD-4090-9717-DD0A7DBC2084}.Release|x64.Build.0 = Release|Any CPU
		{70ECDEE6-15BD-4090-9717-DD0A7DBC2084}.Release|x86.ActiveCfg = Release|Any CPU
		{70ECDEE6-15BD-4090-9717-DD0A7DBC2084}.Release|x86.Build.0 = Release|Any CPU
		{E28F316B-9467-4085-B4E1-EEBB64E9225D}.Debug|Any CPU.ActiveCfg = Debug|Any CPU
		{E28F316B-9467-4085-B4E1-EEBB64E9225D}.Debug|Any CPU.Build.0 = Debug|Any CPU
		{E28F316B-9467-4085-B4E1-EEBB64E9225D}.Debug|ARM.ActiveCfg = Debug|Any CPU
		{E28F316B-9467-4085-B4E1-EEBB64E9225D}.Debug|ARM.Build.0 = Debug|Any CPU
		{E28F316B-9467-4085-B4E1-EEBB64E9225D}.Debug|iPhone.ActiveCfg = Debug|Any CPU
		{E28F316B-9467-4085-B4E1-EEBB64E9225D}.Debug|iPhone.Build.0 = Debug|Any CPU
		{E28F316B-9467-4085-B4E1-EEBB64E9225D}.Debug|iPhoneSimulator.ActiveCfg = Debug|Any CPU
		{E28F316B-9467-4085-B4E1-EEBB64E9225D}.Debug|iPhoneSimulator.Build.0 = Debug|Any CPU
		{E28F316B-9467-4085-B4E1-EEBB64E9225D}.Debug|x64.ActiveCfg = Debug|Any CPU
		{E28F316B-9467-4085-B4E1-EEBB64E9225D}.Debug|x64.Build.0 = Debug|Any CPU
		{E28F316B-9467-4085-B4E1-EEBB64E9225D}.Debug|x86.ActiveCfg = Debug|Any CPU
		{E28F316B-9467-4085-B4E1-EEBB64E9225D}.Debug|x86.Build.0 = Debug|Any CPU
		{E28F316B-9467-4085-B4E1-EEBB64E9225D}.Release|Any CPU.ActiveCfg = Release|Any CPU
		{E28F316B-9467-4085-B4E1-EEBB64E9225D}.Release|Any CPU.Build.0 = Release|Any CPU
		{E28F316B-9467-4085-B4E1-EEBB64E9225D}.Release|ARM.ActiveCfg = Release|Any CPU
		{E28F316B-9467-4085-B4E1-EEBB64E9225D}.Release|ARM.Build.0 = Release|Any CPU
		{E28F316B-9467-4085-B4E1-EEBB64E9225D}.Release|iPhone.ActiveCfg = Release|Any CPU
		{E28F316B-9467-4085-B4E1-EEBB64E9225D}.Release|iPhone.Build.0 = Release|Any CPU
		{E28F316B-9467-4085-B4E1-EEBB64E9225D}.Release|iPhoneSimulator.ActiveCfg = Release|Any CPU
		{E28F316B-9467-4085-B4E1-EEBB64E9225D}.Release|iPhoneSimulator.Build.0 = Release|Any CPU
		{E28F316B-9467-4085-B4E1-EEBB64E9225D}.Release|x64.ActiveCfg = Release|Any CPU
		{E28F316B-9467-4085-B4E1-EEBB64E9225D}.Release|x64.Build.0 = Release|Any CPU
		{E28F316B-9467-4085-B4E1-EEBB64E9225D}.Release|x86.ActiveCfg = Release|Any CPU
		{E28F316B-9467-4085-B4E1-EEBB64E9225D}.Release|x86.Build.0 = Release|Any CPU
		{2D4918FD-E3C1-4C68-8B1E-D36CD3512B27}.Debug|Any CPU.ActiveCfg = Debug|Any CPU
		{2D4918FD-E3C1-4C68-8B1E-D36CD3512B27}.Debug|Any CPU.Build.0 = Debug|Any CPU
		{2D4918FD-E3C1-4C68-8B1E-D36CD3512B27}.Debug|ARM.ActiveCfg = Debug|ARM
		{2D4918FD-E3C1-4C68-8B1E-D36CD3512B27}.Debug|ARM.Build.0 = Debug|ARM
		{2D4918FD-E3C1-4C68-8B1E-D36CD3512B27}.Debug|iPhone.ActiveCfg = Debug|Any CPU
		{2D4918FD-E3C1-4C68-8B1E-D36CD3512B27}.Debug|iPhone.Build.0 = Debug|Any CPU
		{2D4918FD-E3C1-4C68-8B1E-D36CD3512B27}.Debug|iPhoneSimulator.ActiveCfg = Debug|Any CPU
		{2D4918FD-E3C1-4C68-8B1E-D36CD3512B27}.Debug|iPhoneSimulator.Build.0 = Debug|Any CPU
		{2D4918FD-E3C1-4C68-8B1E-D36CD3512B27}.Debug|x64.ActiveCfg = Debug|x64
		{2D4918FD-E3C1-4C68-8B1E-D36CD3512B27}.Debug|x64.Build.0 = Debug|x64
		{2D4918FD-E3C1-4C68-8B1E-D36CD3512B27}.Debug|x86.ActiveCfg = Debug|x86
		{2D4918FD-E3C1-4C68-8B1E-D36CD3512B27}.Debug|x86.Build.0 = Debug|x86
		{2D4918FD-E3C1-4C68-8B1E-D36CD3512B27}.Release|Any CPU.ActiveCfg = Release|Any CPU
		{2D4918FD-E3C1-4C68-8B1E-D36CD3512B27}.Release|Any CPU.Build.0 = Release|Any CPU
		{2D4918FD-E3C1-4C68-8B1E-D36CD3512B27}.Release|ARM.ActiveCfg = Release|ARM
		{2D4918FD-E3C1-4C68-8B1E-D36CD3512B27}.Release|ARM.Build.0 = Release|ARM
		{2D4918FD-E3C1-4C68-8B1E-D36CD3512B27}.Release|iPhone.ActiveCfg = Release|Any CPU
		{2D4918FD-E3C1-4C68-8B1E-D36CD3512B27}.Release|iPhone.Build.0 = Release|Any CPU
		{2D4918FD-E3C1-4C68-8B1E-D36CD3512B27}.Release|iPhoneSimulator.ActiveCfg = Release|Any CPU
		{2D4918FD-E3C1-4C68-8B1E-D36CD3512B27}.Release|iPhoneSimulator.Build.0 = Release|Any CPU
		{2D4918FD-E3C1-4C68-8B1E-D36CD3512B27}.Release|x64.ActiveCfg = Release|x64
		{2D4918FD-E3C1-4C68-8B1E-D36CD3512B27}.Release|x64.Build.0 = Release|x64
		{2D4918FD-E3C1-4C68-8B1E-D36CD3512B27}.Release|x86.ActiveCfg = Release|x86
		{2D4918FD-E3C1-4C68-8B1E-D36CD3512B27}.Release|x86.Build.0 = Release|x86
	EndGlobalSection
	GlobalSection(SolutionProperties) = preSolution
		HideSolutionNode = FALSE
	EndGlobalSection
	GlobalSection(ExtensibilityGlobals) = postSolution
		SolutionGuid = {FAA874C2-A4FA-46F6-8B9C-EEB6F7DF8FC7}
	EndGlobalSection
EndGlobal
