Microsoft Visual Studio Solution File, Format Version 12.00
# Visual Studio Version 17
VisualStudioVersion = 17.2.32526.322
MinimumVisualStudioVersion = 10.0.40219.1
Project("{9A19103F-16F7-4668-BE54-9A1E7A4F7556}") = "Xam.Plugin.LatestVersion", "Xam.Plugin.LatestVersion.csproj", "{FED7F5AB-FEBB-41FD-A29E-325733A4C1E4}"
EndProject
Project("{FAE04EC0-301F-11D3-BF4B-00C04F79EFBC}") = "AppTest.UWP", "..\AppTest\AppTest.UWP\AppTest.UWP.csproj", "{94EAA82B-D220-43A3-B2BC-D1A48A169CDC}"
EndProject
Project("{FAE04EC0-301F-11D3-BF4B-00C04F79EFBC}") = "AppTest.Android", "..\AppTest\AppTest.Android\AppTest.Android.csproj", "{5FD1F616-B808-4EA1-A3C3-2E3BDFC50401}"
EndProject
Project("{FAE04EC0-301F-11D3-BF4B-00C04F79EFBC}") = "AppTest.iOS", "..\AppTest\AppTest.iOS\AppTest.iOS.csproj", "{8824D778-921D-4C24-9BC2-C36A39D12F48}"
EndProject
Project("{FAE04EC0-301F-11D3-BF4B-00C04F79EFBC}") = "AppTest", "..\AppTest\AppTest\AppTest.csproj", "{F5A3BC53-3983-4ADA-A20B-F1A3D993BBA5}"
EndProject
Global
	GlobalSection(SolutionConfigurationPlatforms) = preSolution
		Debug|Any CPU = Debug|Any CPU
		Debug|ARM = Debug|ARM
		Debug|iPhone = Debug|iPhone
		Debug|iPhoneSimulator = Debug|iPhoneSimulator
		Debug|x64 = Debug|x64
		Debug|x86 = Debug|x86
		Release|Any CPU = Release|Any CPU
		Release|ARM = Release|ARM
		Release|iPhone = Release|iPhone
		Release|iPhoneSimulator = Release|iPhoneSimulator
		Release|x64 = Release|x64
		Release|x86 = Release|x86
	EndGlobalSection
	GlobalSection(ProjectConfigurationPlatforms) = postSolution
		{FED7F5AB-FEBB-41FD-A29E-325733A4C1E4}.Debug|Any CPU.ActiveCfg = Debug|Any CPU
		{FED7F5AB-FEBB-41FD-A29E-325733A4C1E4}.Debug|Any CPU.Build.0 = Debug|Any CPU
		{FED7F5AB-FEBB-41FD-A29E-325733A4C1E4}.Debug|ARM.ActiveCfg = Debug|Any CPU
		{FED7F5AB-FEBB-41FD-A29E-325733A4C1E4}.Debug|ARM.Build.0 = Debug|Any CPU
		{FED7F5AB-FEBB-41FD-A29E-325733A4C1E4}.Debug|iPhone.ActiveCfg = Debug|Any CPU
		{FED7F5AB-FEBB-41FD-A29E-325733A4C1E4}.Debug|iPhone.Build.0 = Debug|Any CPU
		{FED7F5AB-FEBB-41FD-A29E-325733A4C1E4}.Debug|iPhoneSimulator.ActiveCfg = Debug|Any CPU
		{FED7F5AB-FEBB-41FD-A29E-325733A4C1E4}.Debug|iPhoneSimulator.Build.0 = Debug|Any CPU
		{FED7F5AB-FEBB-41FD-A29E-325733A4C1E4}.Debug|x64.ActiveCfg = Debug|Any CPU
		{FED7F5AB-FEBB-41FD-A29E-325733A4C1E4}.Debug|x64.Build.0 = Debug|Any CPU
		{FED7F5AB-FEBB-41FD-A29E-325733A4C1E4}.Debug|x86.ActiveCfg = Debug|Any CPU
		{FED7F5AB-FEBB-41FD-A29E-325733A4C1E4}.Debug|x86.Build.0 = Debug|Any CPU
		{FED7F5AB-FEBB-41FD-A29E-325733A4C1E4}.Release|Any CPU.ActiveCfg = Release|Any CPU
		{FED7F5AB-FEBB-41FD-A29E-325733A4C1E4}.Release|Any CPU.Build.0 = Release|Any CPU
		{FED7F5AB-FEBB-41FD-A29E-325733A4C1E4}.Release|ARM.ActiveCfg = Release|Any CPU
		{FED7F5AB-FEBB-41FD-A29E-325733A4C1E4}.Release|ARM.Build.0 = Release|Any CPU
		{FED7F5AB-FEBB-41FD-A29E-325733A4C1E4}.Release|iPhone.ActiveCfg = Release|Any CPU
		{FED7F5AB-FEBB-41FD-A29E-325733A4C1E4}.Release|iPhone.Build.0 = Release|Any CPU
		{FED7F5AB-FEBB-41FD-A29E-325733A4C1E4}.Release|iPhoneSimulator.ActiveCfg = Release|Any CPU
		{FED7F5AB-FEBB-41FD-A29E-325733A4C1E4}.Release|iPhoneSimulator.Build.0 = Release|Any CPU
		{FED7F5AB-FEBB-41FD-A29E-325733A4C1E4}.Release|x64.ActiveCfg = Release|Any CPU
		{FED7F5AB-FEBB-41FD-A29E-325733A4C1E4}.Release|x64.Build.0 = Release|Any CPU
		{FED7F5AB-FEBB-41FD-A29E-325733A4C1E4}.Release|x86.ActiveCfg = Release|Any CPU
		{FED7F5AB-FEBB-41FD-A29E-325733A4C1E4}.Release|x86.Build.0 = Release|Any CPU
		{94EAA82B-D220-43A3-B2BC-D1A48A169CDC}.Debug|Any CPU.ActiveCfg = Debug|x64
		{94EAA82B-D220-43A3-B2BC-D1A48A169CDC}.Debug|Any CPU.Build.0 = Debug|x64
		{94EAA82B-D220-43A3-B2BC-D1A48A169CDC}.Debug|Any CPU.Deploy.0 = Debug|x64
		{94EAA82B-D220-43A3-B2BC-D1A48A169CDC}.Debug|ARM.ActiveCfg = Debug|ARM
		{94EAA82B-D220-43A3-B2BC-D1A48A169CDC}.Debug|ARM.Build.0 = Debug|ARM
		{94EAA82B-D220-43A3-B2BC-D1A48A169CDC}.Debug|ARM.Deploy.0 = Debug|ARM
		{94EAA82B-D220-43A3-B2BC-D1A48A169CDC}.Debug|iPhone.ActiveCfg = Debug|x64
		{94EAA82B-D220-43A3-B2BC-D1A48A169CDC}.Debug|iPhone.Build.0 = Debug|x64
		{94EAA82B-D220-43A3-B2BC-D1A48A169CDC}.Debug|iPhone.Deploy.0 = Debug|x64
		{94EAA82B-D220-43A3-B2BC-D1A48A169CDC}.Debug|iPhoneSimulator.ActiveCfg = Debug|x64
		{94EAA82B-D220-43A3-B2BC-D1A48A169CDC}.Debug|iPhoneSimulator.Build.0 = Debug|x64
		{94EAA82B-D220-43A3-B2BC-D1A48A169CDC}.Debug|iPhoneSimulator.Deploy.0 = Debug|x64
		{94EAA82B-D220-43A3-B2BC-D1A48A169CDC}.Debug|x64.ActiveCfg = Debug|x64
		{94EAA82B-D220-43A3-B2BC-D1A48A169CDC}.Debug|x64.Build.0 = Debug|x64
		{94EAA82B-D220-43A3-B2BC-D1A48A169CDC}.Debug|x64.Deploy.0 = Debug|x64
		{94EAA82B-D220-43A3-B2BC-D1A48A169CDC}.Debug|x86.ActiveCfg = Debug|x86
		{94EAA82B-D220-43A3-B2BC-D1A48A169CDC}.Debug|x86.Build.0 = Debug|x86
		{94EAA82B-D220-43A3-B2BC-D1A48A169CDC}.Debug|x86.Deploy.0 = Debug|x86
		{94EAA82B-D220-43A3-B2BC-D1A48A169CDC}.Release|Any CPU.ActiveCfg = Release|x64
		{94EAA82B-D220-43A3-B2BC-D1A48A169CDC}.Release|Any CPU.Build.0 = Release|x64
		{94EAA82B-D220-43A3-B2BC-D1A48A169CDC}.Release|Any CPU.Deploy.0 = Release|x64
		{94EAA82B-D220-43A3-B2BC-D1A48A169CDC}.Release|ARM.ActiveCfg = Release|ARM
		{94EAA82B-D220-43A3-B2BC-D1A48A169CDC}.Release|ARM.Build.0 = Release|ARM
		{94EAA82B-D220-43A3-B2BC-D1A48A169CDC}.Release|ARM.Deploy.0 = Release|ARM
		{94EAA82B-D220-43A3-B2BC-D1A48A169CDC}.Release|iPhone.ActiveCfg = Release|x64
		{94EAA82B-D220-43A3-B2BC-D1A48A169CDC}.Release|iPhone.Build.0 = Release|x64
		{94EAA82B-D220-43A3-B2BC-D1A48A169CDC}.Release|iPhone.Deploy.0 = Release|x64
		{94EAA82B-D220-43A3-B2BC-D1A48A169CDC}.Release|iPhoneSimulator.ActiveCfg = Release|x64
		{94EAA82B-D220-43A3-B2BC-D1A48A169CDC}.Release|iPhoneSimulator.Build.0 = Release|x64
		{94EAA82B-D220-43A3-B2BC-D1A48A169CDC}.Release|iPhoneSimulator.Deploy.0 = Release|x64
		{94EAA82B-D220-43A3-B2BC-D1A48A169CDC}.Release|x64.ActiveCfg = Release|x64
		{94EAA82B-D220-43A3-B2BC-D1A48A169CDC}.Release|x64.Build.0 = Release|x64
		{94EAA82B-D220-43A3-B2BC-D1A48A169CDC}.Release|x64.Deploy.0 = Release|x64
		{94EAA82B-D220-43A3-B2BC-D1A48A169CDC}.Release|x86.ActiveCfg = Release|x86
		{94EAA82B-D220-43A3-B2BC-D1A48A169CDC}.Release|x86.Build.0 = Release|x86
		{94EAA82B-D220-43A3-B2BC-D1A48A169CDC}.Release|x86.Deploy.0 = Release|x86
		{5FD1F616-B808-4EA1-A3C3-2E3BDFC50401}.Debug|Any CPU.ActiveCfg = Debug|Any CPU
		{5FD1F616-B808-4EA1-A3C3-2E3BDFC50401}.Debug|Any CPU.Build.0 = Debug|Any CPU
		{5FD1F616-B808-4EA1-A3C3-2E3BDFC50401}.Debug|Any CPU.Deploy.0 = Debug|Any CPU
		{5FD1F616-B808-4EA1-A3C3-2E3BDFC50401}.Debug|ARM.ActiveCfg = Debug|Any CPU
		{5FD1F616-B808-4EA1-A3C3-2E3BDFC50401}.Debug|ARM.Build.0 = Debug|Any CPU
		{5FD1F616-B808-4EA1-A3C3-2E3BDFC50401}.Debug|ARM.Deploy.0 = Debug|Any CPU
		{5FD1F616-B808-4EA1-A3C3-2E3BDFC50401}.Debug|iPhone.ActiveCfg = Debug|Any CPU
		{5FD1F616-B808-4EA1-A3C3-2E3BDFC50401}.Debug|iPhone.Build.0 = Debug|Any CPU
		{5FD1F616-B808-4EA1-A3C3-2E3BDFC50401}.Debug|iPhone.Deploy.0 = Debug|Any CPU
		{5FD1F616-B808-4EA1-A3C3-2E3BDFC50401}.Debug|iPhoneSimulator.ActiveCfg = Debug|Any CPU
		{5FD1F616-B808-4EA1-A3C3-2E3BDFC50401}.Debug|iPhoneSimulator.Build.0 = Debug|Any CPU
		{5FD1F616-B808-4EA1-A3C3-2E3BDFC50401}.Debug|iPhoneSimulator.Deploy.0 = Debug|Any CPU
		{5FD1F616-B808-4EA1-A3C3-2E3BDFC50401}.Debug|x64.ActiveCfg = Debug|Any CPU
		{5FD1F616-B808-4EA1-A3C3-2E3BDFC50401}.Debug|x64.Build.0 = Debug|Any CPU
		{5FD1F616-B808-4EA1-A3C3-2E3BDFC50401}.Debug|x64.Deploy.0 = Debug|Any CPU
		{5FD1F616-B808-4EA1-A3C3-2E3BDFC50401}.Debug|x86.ActiveCfg = Debug|Any CPU
		{5FD1F616-B808-4EA1-A3C3-2E3BDFC50401}.Debug|x86.Build.0 = Debug|Any CPU
		{5FD1F616-B808-4EA1-A3C3-2E3BDFC50401}.Debug|x86.Deploy.0 = Debug|Any CPU
		{5FD1F616-B808-4EA1-A3C3-2E3BDFC50401}.Release|Any CPU.ActiveCfg = Release|Any CPU
		{5FD1F616-B808-4EA1-A3C3-2E3BDFC50401}.Release|Any CPU.Build.0 = Release|Any CPU
		{5FD1F616-B808-4EA1-A3C3-2E3BDFC50401}.Release|Any CPU.Deploy.0 = Release|Any CPU
		{5FD1F616-B808-4EA1-A3C3-2E3BDFC50401}.Release|ARM.ActiveCfg = Release|Any CPU
		{5FD1F616-B808-4EA1-A3C3-2E3BDFC50401}.Release|ARM.Build.0 = Release|Any CPU
		{5FD1F616-B808-4EA1-A3C3-2E3BDFC50401}.Release|ARM.Deploy.0 = Release|Any CPU
		{5FD1F616-B808-4EA1-A3C3-2E3BDFC50401}.Release|iPhone.ActiveCfg = Release|Any CPU
		{5FD1F616-B808-4EA1-A3C3-2E3BDFC50401}.Release|iPhone.Build.0 = Release|Any CPU
		{5FD1F616-B808-4EA1-A3C3-2E3BDFC50401}.Release|iPhone.Deploy.0 = Release|Any CPU
		{5FD1F616-B808-4EA1-A3C3-2E3BDFC50401}.Release|iPhoneSimulator.ActiveCfg = Release|Any CPU
		{5FD1F616-B808-4EA1-A3C3-2E3BDFC50401}.Release|iPhoneSimulator.Build.0 = Release|Any CPU
		{5FD1F616-B808-4EA1-A3C3-2E3BDFC50401}.Release|iPhoneSimulator.Deploy.0 = Release|Any CPU
		{5FD1F616-B808-4EA1-A3C3-2E3BDFC50401}.Release|x64.ActiveCfg = Release|Any CPU
		{5FD1F616-B808-4EA1-A3C3-2E3BDFC50401}.Release|x64.Build.0 = Release|Any CPU
		{5FD1F616-B808-4EA1-A3C3-2E3BDFC50401}.Release|x64.Deploy.0 = Release|Any CPU
		{5FD1F616-B808-4EA1-A3C3-2E3BDFC50401}.Release|x86.ActiveCfg = Release|Any CPU
		{5FD1F616-B808-4EA1-A3C3-2E3BDFC50401}.Release|x86.Build.0 = Release|Any CPU
		{5FD1F616-B808-4EA1-A3C3-2E3BDFC50401}.Release|x86.Deploy.0 = Release|Any CPU
		{8824D778-921D-4C24-9BC2-C36A39D12F48}.Debug|Any CPU.ActiveCfg = Debug|iPhoneSimulator
		{8824D778-921D-4C24-9BC2-C36A39D12F48}.Debug|Any CPU.Build.0 = Debug|iPhoneSimulator
		{8824D778-921D-4C24-9BC2-C36A39D12F48}.Debug|ARM.ActiveCfg = Debug|iPhoneSimulator
		{8824D778-921D-4C24-9BC2-C36A39D12F48}.Debug|ARM.Build.0 = Debug|iPhoneSimulator
		{8824D778-921D-4C24-9BC2-C36A39D12F48}.Debug|iPhone.ActiveCfg = Debug|iPhone
		{8824D778-921D-4C24-9BC2-C36A39D12F48}.Debug|iPhone.Build.0 = Debug|iPhone
		{8824D778-921D-4C24-9BC2-C36A39D12F48}.Debug|iPhoneSimulator.ActiveCfg = Debug|iPhoneSimulator
		{8824D778-921D-4C24-9BC2-C36A39D12F48}.Debug|iPhoneSimulator.Build.0 = Debug|iPhoneSimulator
		{8824D778-921D-4C24-9BC2-C36A39D12F48}.Debug|x64.ActiveCfg = Debug|iPhoneSimulator
		{8824D778-921D-4C24-9BC2-C36A39D12F48}.Debug|x64.Build.0 = Debug|iPhoneSimulator
		{8824D778-921D-4C24-9BC2-C36A39D12F48}.Debug|x86.ActiveCfg = Debug|iPhoneSimulator
		{8824D778-921D-4C24-9BC2-C36A39D12F48}.Debug|x86.Build.0 = Debug|iPhoneSimulator
		{8824D778-921D-4C24-9BC2-C36A39D12F48}.Release|Any CPU.ActiveCfg = Release|iPhoneSimulator
		{8824D778-921D-4C24-9BC2-C36A39D12F48}.Release|Any CPU.Build.0 = Release|iPhoneSimulator
		{8824D778-921D-4C24-9BC2-C36A39D12F48}.Release|ARM.ActiveCfg = Release|iPhoneSimulator
		{8824D778-921D-4C24-9BC2-C36A39D12F48}.Release|ARM.Build.0 = Release|iPhoneSimulator
		{8824D778-921D-4C24-9BC2-C36A39D12F48}.Release|iPhone.ActiveCfg = Release|iPhone
		{8824D778-921D-4C24-9BC2-C36A39D12F48}.Release|iPhone.Build.0 = Release|iPhone
		{8824D778-921D-4C24-9BC2-C36A39D12F48}.Release|iPhoneSimulator.ActiveCfg = Release|iPhoneSimulator
		{8824D778-921D-4C24-9BC2-C36A39D12F48}.Release|iPhoneSimulator.Build.0 = Release|iPhoneSimulator
		{8824D778-921D-4C24-9BC2-C36A39D12F48}.Release|x64.ActiveCfg = Release|iPhoneSimulator
		{8824D778-921D-4C24-9BC2-C36A39D12F48}.Release|x64.Build.0 = Release|iPhoneSimulator
		{8824D778-921D-4C24-9BC2-C36A39D12F48}.Release|x86.ActiveCfg = Release|iPhoneSimulator
		{8824D778-921D-4C24-9BC2-C36A39D12F48}.Release|x86.Build.0 = Release|iPhoneSimulator
		{F5A3BC53-3983-4ADA-A20B-F1A3D993BBA5}.Debug|Any CPU.ActiveCfg = Debug|Any CPU
		{F5A3BC53-3983-4ADA-A20B-F1A3D993BBA5}.Debug|Any CPU.Build.0 = Debug|Any CPU
		{F5A3BC53-3983-4ADA-A20B-F1A3D993BBA5}.Debug|ARM.ActiveCfg = Debug|Any CPU
		{F5A3BC53-3983-4ADA-A20B-F1A3D993BBA5}.Debug|ARM.Build.0 = Debug|Any CPU
		{F5A3BC53-3983-4ADA-A20B-F1A3D993BBA5}.Debug|iPhone.ActiveCfg = Debug|Any CPU
		{F5A3BC53-3983-4ADA-A20B-F1A3D993BBA5}.Debug|iPhone.Build.0 = Debug|Any CPU
		{F5A3BC53-3983-4ADA-A20B-F1A3D993BBA5}.Debug|iPhoneSimulator.ActiveCfg = Debug|Any CPU
		{F5A3BC53-3983-4ADA-A20B-F1A3D993BBA5}.Debug|iPhoneSimulator.Build.0 = Debug|Any CPU
		{F5A3BC53-3983-4ADA-A20B-F1A3D993BBA5}.Debug|x64.ActiveCfg = Debug|Any CPU
		{F5A3BC53-3983-4ADA-A20B-F1A3D993BBA5}.Debug|x64.Build.0 = Debug|Any CPU
		{F5A3BC53-3983-4ADA-A20B-F1A3D993BBA5}.Debug|x86.ActiveCfg = Debug|Any CPU
		{F5A3BC53-3983-4ADA-A20B-F1A3D993BBA5}.Debug|x86.Build.0 = Debug|Any CPU
		{F5A3BC53-3983-4ADA-A20B-F1A3D993BBA5}.Release|Any CPU.ActiveCfg = Release|Any CPU
		{F5A3BC53-3983-4ADA-A20B-F1A3D993BBA5}.Release|Any CPU.Build.0 = Release|Any CPU
		{F5A3BC53-3983-4ADA-A20B-F1A3D993BBA5}.Release|ARM.ActiveCfg = Release|Any CPU
		{F5A3BC53-3983-4ADA-A20B-F1A3D993BBA5}.Release|ARM.Build.0 = Release|Any CPU
		{F5A3BC53-3983-4ADA-A20B-F1A3D993BBA5}.Release|iPhone.ActiveCfg = Release|Any CPU
		{F5A3BC53-3983-4ADA-A20B-F1A3D993BBA5}.Release|iPhone.Build.0 = Release|Any CPU
		{F5A3BC53-3983-4ADA-A20B-F1A3D993BBA5}.Release|iPhoneSimulator.ActiveCfg = Release|Any CPU
		{F5A3BC53-3983-4ADA-A20B-F1A3D993BBA5}.Release|iPhoneSimulator.Build.0 = Release|Any CPU
		{F5A3BC53-3983-4ADA-A20B-F1A3D993BBA5}.Release|x64.ActiveCfg = Release|Any CPU
		{F5A3BC53-3983-4ADA-A20B-F1A3D993BBA5}.Release|x64.Build.0 = Release|Any CPU
		{F5A3BC53-3983-4ADA-A20B-F1A3D993BBA5}.Release|x86.ActiveCfg = Release|Any CPU
		{F5A3BC53-3983-4ADA-A20B-F1A3D993BBA5}.Release|x86.Build.0 = Release|Any CPU
	EndGlobalSection
	GlobalSection(SolutionProperties) = preSolution
		HideSolutionNode = FALSE
	EndGlobalSection
	GlobalSection(ExtensibilityGlobals) = postSolution
		SolutionGuid = {9E3A75F3-B4E1-453F-BA32-FF926C2257B9}
	EndGlobalSection
EndGlobal
